# THIS IS AN AUTOGENERATED FILE. DO NOT EDIT THIS FILE DIRECTLY.
# yarn lockfile v1


fp-ts@^2.10.4:
  version "2.10.4"
  resolved "https://registry.yarnpkg.com/fp-ts/-/fp-ts-2.10.4.tgz#f81f34b1c15b3255d65cdbb39508ebb42922aa0c"
  integrity sha512-vMTB5zNc9PnE20q145PNbkiL9P9WegwmKVOFloi/NfHnPdAlcob6I3AKqlH/9u3k3/M/GOftZhcJdBrb+NtnDA==

io-ts@^2.2.16:
  version "2.2.16"
  resolved "https://registry.yarnpkg.com/io-ts/-/io-ts-2.2.16.tgz#597dffa03db1913fc318c9c6df6931cb4ed808b2"
  integrity sha512-y5TTSa6VP6le0hhmIyN0dqEXkrZeJLeC5KApJq6VLci3UEKF80lZ+KuoUs02RhBxNWlrqSNxzfI7otLX1Euv8Q==
